// !$*UTF8*$!
{
	archiveVersion = 1;
	classes = {
	};
	objectVersion = 56;
	objects = {

/* Begin PBXBuildFile section */
		3DB7D0132DF4CAE3004131BD /* MediaSUIApp.swift in Sources */ = {isa = PBXBuildFile; fileRef = 3DB7D0122DF4CAE3004131BD /* MediaSUIApp.swift */; };
		3DB7D0152DF4CAE3004131BD /* ContentView.swift in Sources */ = {isa = PBXBuildFile; fileRef = 3DB7D0142DF4CAE3004131BD /* ContentView.swift */; };
		3DB7D0172DF4CAE6004131BD /* Assets.xcassets in Resources */ = {isa = PBXBuildFile; fileRef = 3DB7D0162DF4CAE6004131BD /* Assets.xcassets */; };
		3DB7D01A2DF4CAE6004131BD /* Preview Assets.xcassets in Resources */ = {isa = PBXBuildFile; fileRef = 3DB7D0192DF4CAE6004131BD /* Preview Assets.xcassets */; };
		3DB7D0212DF4CBA6004131BD /* MediaPlayer.swift in Sources */ = {isa = PBXBuildFile; fileRef = 3DB7D0202DF4CBA6004131BD /* MediaPlayer.swift */; };
		3DB7D0242DF4CBB7004131BD /* luvia-tiktok.mp4 in Resources */ = {isa = PBXBuildFile; fileRef = 3DB7D0222DF4CBB7004131BD /* luvia-tiktok.mp4 */; };
		3DB7D0252DF4CBB7004131BD /* 1.mp3 in Resources */ = {isa = PBXBuildFile; fileRef = 3DB7D0232DF4CBB7004131BD /* 1.mp3 */; };
		3DB7D0272DF52A1F004131BD /* VideoView.swift in Sources */ = {isa = PBXBuildFile; fileRef = 3DB7D0262DF52A1F004131BD /* VideoView.swift */; };
		3DB7D0292DF53807004131BD /* YTView.swift in Sources */ = {isa = PBXBuildFile; fileRef = 3DB7D0282DF53807004131BD /* YTView.swift */; };
		3DB7D02D2DF54DFC004131BD /* YouTubeiOSPlayerHelper in Frameworks */ = {isa = PBXBuildFile; productRef = 3DB7D02C2DF54DFC004131BD /* YouTubeiOSPlayerHelper */; };
/* End PBXBuildFile section */

/* Begin PBXFileReference section */
		3DB7D00F2DF4CAE3004131BD /* MediaSUI.app */ = {isa = PBXFileReference; explicitFileType = wrapper.application; includeInIndex = 0; path = MediaSUI.app; sourceTree = BUILT_PRODUCTS_DIR; };
		3DB7D0122DF4CAE3004131BD /* MediaSUIApp.swift */ = {isa = PBXFileReference; lastKnownFileType = sourcecode.swift; path = MediaSUIApp.swift; sourceTree = "<group>"; };
		3DB7D0142DF4CAE3004131BD /* ContentView.swift */ = {isa = PBXFileReference; lastKnownFileType = sourcecode.swift; path = ContentView.swift; sourceTree = "<group>"; };
		3DB7D0162DF4CAE6004131BD /* Assets.xcassets */ = {isa = PBXFileReference; lastKnownFileType = folder.assetcatalog; path = Assets.xcassets; sourceTree = "<group>"; };
		3DB7D0192DF4CAE6004131BD /* Preview Assets.xcassets */ = {isa = PBXFileReference; lastKnownFileType = folder.assetcatalog; path = "Preview Assets.xcassets"; sourceTree = "<group>"; };
		3DB7D0202DF4CBA6004131BD /* MediaPlayer.swift */ = {isa = PBXFileReference; fileEncoding = 4; lastKnownFileType = sourcecode.swift; path = MediaPlayer.swift; sourceTree = "<group>"; };
		3DB7D0222DF4CBB7004131BD /* luvia-tiktok.mp4 */ = {isa = PBXFileReference; lastKnownFileType = file; path = "luvia-tiktok.mp4"; sourceTree = "<group>"; };
		3DB7D0232DF4CBB7004131BD /* 1.mp3 */ = {isa = PBXFileReference; lastKnownFileType = audio.mp3; path = 1.mp3; sourceTree = "<group>"; };
		3DB7D0262DF52A1F004131BD /* VideoView.swift */ = {isa = PBXFileReference; lastKnownFileType = sourcecode.swift; path = VideoView.swift; sourceTree = "<group>"; };
		3DB7D0282DF53807004131BD /* YTView.swift */ = {isa = PBXFileReference; lastKnownFileType = sourcecode.swift; path = YTView.swift; sourceTree = "<group>"; };
/* End PBXFileReference section */

/* Begin PBXFrameworksBuildPhase section */
		3DB7D00C2DF4CAE3004131BD /* Frameworks */ = {
			isa = PBXFrameworksBuildPhase;
			buildActionMask = 2147483647;
			files = (
				3DB7D02D2DF54DFC004131BD /* YouTubeiOSPlayerHelper in Frameworks */,
			);
			runOnlyForDeploymentPostprocessing = 0;
		};
/* End PBXFrameworksBuildPhase section */

/* Begin PBXGroup section */
		3DB7D0062DF4CAE3004131BD = {
			isa = PBXGroup;
			children = (
				3DB7D0112DF4CAE3004131BD /* MediaSUI */,
				3DB7D0102DF4CAE3004131BD /* Products */,
			);
			sourceTree = "<group>";
		};
		3DB7D0102DF4CAE3004131BD /* Products */ = {
			isa = PBXGroup;
			children = (
				3DB7D00F2DF4CAE3004131BD /* MediaSUI.app */,
			);
			name = Products;
			sourceTree = "<group>";
		};
		3DB7D0112DF4CAE3004131BD /* MediaSUI */ = {
			isa = PBXGroup;
			children = (
				3DB7D0232DF4CBB7004131BD /* 1.mp3 */,
				3DB7D0222DF4CBB7004131BD /* luvia-tiktok.mp4 */,
				3DB7D0122DF4CAE3004131BD /* MediaSUIApp.swift */,
				3DB7D0142DF4CAE3004131BD /* ContentView.swift */,
				3DB7D0202DF4CBA6004131BD /* MediaPlayer.swift */,
				3DB7D0162DF4CAE6004131BD /* Assets.xcassets */,
				3DB7D0182DF4CAE6004131BD /* Preview Content */,
				3DB7D0262DF52A1F004131BD /* VideoView.swift */,
				3DB7D0282DF53807004131BD /* YTView.swift */,
			);
			path = MediaSUI;
			sourceTree = "<group>";
		};
		3DB7D0182DF4CAE6004131BD /* Preview Content */ = {
			isa = PBXGroup;
			children = (
				3DB7D0192DF4CAE6004131BD /* Preview Assets.xcassets */,
			);
			path = "Preview Content";
			sourceTree = "<group>";
		};
/* End PBXGroup section */

/* Begin PBXNativeTarget section */
		3DB7D00E2DF4CAE3004131BD /* MediaSUI */ = {
			isa = PBXNativeTarget;
			buildConfigurationList = 3DB7D01D2DF4CAE6004131BD /* Build configuration list for PBXNativeTarget "MediaSUI" */;
			buildPhases = (
				3DB7D00B2DF4CAE3004131BD /* Sources */,
				3DB7D00C2DF4CAE3004131BD /* Frameworks */,
				3DB7D00D2DF4CAE3004131BD /* Resources */,
			);
			buildRules = (
			);
			dependencies = (
			);
			name = MediaSUI;
			packageProductDependencies = (
				3DB7D02C2DF54DFC004131BD /* YouTubeiOSPlayerHelper */,
			);
			productName = MediaSUI;
			productReference = 3DB7D00F2DF4CAE3004131BD /* MediaSUI.app */;
			productType = "com.apple.product-type.application";
		};
/* End PBXNativeTarget section */

/* Begin PBXProject section */
		3DB7D0072DF4CAE3004131BD /* Project object */ = {
			isa = PBXProject;
			attributes = {
				BuildIndependentTargetsInParallel = 1;
				LastSwiftUpdateCheck = 1520;
				LastUpgradeCheck = 1520;
				TargetAttributes = {
					3DB7D00E2DF4CAE3004131BD = {
						CreatedOnToolsVersion = 15.2;
					};
				};
			};
			buildConfigurationList = 3DB7D00A2DF4CAE3004131BD /* Build configuration list for PBXProject "MediaSUI" */;
			compatibilityVersion = "Xcode 14.0";
			developmentRegion = en;
			hasScannedForEncodings = 0;
			knownRegions = (
				en,
				Base,
			);
			mainGroup = 3DB7D0062DF4CAE3004131BD;
			packageReferences = (
				3DB7D02B2DF54DFB004131BD /* XCRemoteSwiftPackageReference "youtube-ios-player-helper" */,
			);
			productRefGroup = 3DB7D0102DF4CAE3004131BD /* Products */;
			projectDirPath = "";
			projectRoot = "";
			targets = (
				3DB7D00E2DF4CAE3004131BD /* MediaSUI */,
			);
		};
/* End PBXProject section */

/* Begin PBXResourcesBuildPhase section */
		3DB7D00D2DF4CAE3004131BD /* Resources */ = {
			isa = PBXResourcesBuildPhase;
			buildActionMask = 2147483647;
			files = (
				3DB7D0252DF4CBB7004131BD /* 1.mp3 in Resources */,
				3DB7D0242DF4CBB7004131BD /* luvia-tiktok.mp4 in Resources */,
				3DB7D01A2DF4CAE6004131BD /* Preview Assets.xcassets in Resources */,
				3DB7D0172DF4CAE6004131BD /* Assets.xcassets in Resources */,
			);
			runOnlyForDeploymentPostprocessing = 0;
		};
/* End PBXResourcesBuildPhase section */

/* Begin PBXSourcesBuildPhase section */
		3DB7D00B2DF4CAE3004131BD /* Sources */ = {
			isa = PBXSourcesBuildPhase;
			buildActionMask = 2147483647;
			files = (
				3DB7D0272DF52A1F004131BD /* VideoView.swift in Sources */,
				3DB7D0152DF4CAE3004131BD /* ContentView.swift in Sources */,
				3DB7D0132DF4CAE3004131BD /* MediaSUIApp.swift in Sources */,
				3DB7D0212DF4CBA6004131BD /* MediaPlayer.swift in Sources */,
				3DB7D0292DF53807004131BD /* YTView.swift in Sources */,
			);
			runOnlyForDeploymentPostprocessing = 0;
		};
/* End PBXSourcesBuildPhase section */

/* Begin XCBuildConfiguration section */
		3DB7D01B2DF4CAE6004131BD /* Debug */ = {
			isa = XCBuildConfiguration;
			buildSettings = {
				ALWAYS_SEARCH_USER_PATHS = NO;
				ASSETCATALOG_COMPILER_GENERATE_SWIFT_ASSET_SYMBOL_EXTENSIONS = YES;
				CLANG_ANALYZER_NONNULL = YES;
				CLANG_ANALYZER_NUMBER_OBJECT_CONVERSION = YES_AGGRESSIVE;
				CLANG_CXX_LANGUAGE_STANDARD = "gnu++20";
				CLANG_ENABLE_MODULES = YES;
				CLANG_ENABLE_OBJC_ARC = YES;
				CLANG_ENABLE_OBJC_WEAK = YES;
				CLANG_WARN_BLOCK_CAPTURE_AUTORELEASING = YES;
				CLANG_WARN_BOOL_CONVERSION = YES;
				CLANG_WARN_COMMA = YES;
				CLANG_WARN_CONSTANT_CONVERSION = YES;
				CLANG_WARN_DEPRECATED_OBJC_IMPLEMENTATIONS = YES;
				CLANG_WARN_DIRECT_OBJC_ISA_USAGE = YES_ERROR;
				CLANG_WARN_DOCUMENTATION_COMMENTS = YES;
				CLANG_WARN_EMPTY_BODY = YES;
				CLANG_WARN_ENUM_CONVERSION = YES;
				CLANG_WARN_INFINITE_RECURSION = YES;
				CLANG_WARN_INT_CONVERSION = YES;
				CLANG_WARN_NON_LITERAL_NULL_CONVERSION = YES;
				CLANG_WARN_OBJC_IMPLICIT_RETAIN_SELF = YES;
				CLANG_WARN_OBJC_LITERAL_CONVERSION = YES;
				CLANG_WARN_OBJC_ROOT_CLASS = YES_ERROR;
				CLANG_WARN_QUOTED_INCLUDE_IN_FRAMEWORK_HEADER = YES;
				CLANG_WARN_RANGE_LOOP_ANALYSIS = YES;
				CLANG_WARN_STRICT_PROTOTYPES = YES;
				CLANG_WARN_SUSPICIOUS_MOVE = YES;
				CLANG_WARN_UNGUARDED_AVAILABILITY = YES_AGGRESSIVE;
				CLANG_WARN_UNREACHABLE_CODE = YES;
				CLANG_WARN__DUPLICATE_METHOD_MATCH = YES;
				COPY_PHASE_STRIP = NO;
				DEBUG_INFORMATION_FORMAT = dwarf;
				ENABLE_STRICT_OBJC_MSGSEND = YES;
				ENABLE_TESTABILITY = YES;
				ENABLE_USER_SCRIPT_SANDBOXING = YES;
				GCC_C_LANGUAGE_STANDARD = gnu17;
				GCC_DYNAMIC_NO_PIC = NO;
				GCC_NO_COMMON_BLOCKS = YES;
				GCC_OPTIMIZATION_LEVEL = 0;
				GCC_PREPROCESSOR_DEFINITIONS = (
					"DEBUG=1",
					"$(inherited)",
				);
				GCC_WARN_64_TO_32_BIT_CONVERSION = YES;
				GCC_WARN_ABOUT_RETURN_TYPE = YES_ERROR;
				GCC_WARN_UNDECLARED_SELECTOR = YES;
				GCC_WARN_UNINITIALIZED_AUTOS = YES_AGGRESSIVE;
				GCC_WARN_UNUSED_FUNCTION = YES;
				GCC_WARN_UNUSED_VARIABLE = YES;
				IPHONEOS_DEPLOYMENT_TARGET = 17.2;
				LOCALIZATION_PREFERS_STRING_CATALOGS = YES;
				MTL_ENABLE_DEBUG_INFO = INCLUDE_SOURCE;
				MTL_FAST_MATH = YES;
				ONLY_ACTIVE_ARCH = YES;
				SDKROOT = iphoneos;
				SWIFT_ACTIVE_COMPILATION_CONDITIONS = "DEBUG $(inherited)";
				SWIFT_OPTIMIZATION_LEVEL = "-Onone";
			};
			name = Debug;
		};
		3DB7D01C2DF4CAE6004131BD /* Release */ = {
			isa = XCBuildConfiguration;
			buildSettings = {
				ALWAYS_SEARCH_USER_PATHS = NO;
				ASSETCATALOG_COMPILER_GENERATE_SWIFT_ASSET_SYMBOL_EXTENSIONS = YES;
				CLANG_ANALYZER_NONNULL = YES;
				CLANG_ANALYZER_NUMBER_OBJECT_CONVERSION = YES_AGGRESSIVE;
				CLANG_CXX_LANGUAGE_STANDARD = "gnu++20";
				CLANG_ENABLE_MODULES = YES;
				CLANG_ENABLE_OBJC_ARC = YES;
				CLANG_ENABLE_OBJC_WEAK = YES;
				CLANG_WARN_BLOCK_CAPTURE_AUTORELEASING = YES;
				CLANG_WARN_BOOL_CONVERSION = YES;
				CLANG_WARN_COMMA = YES;
				CLANG_WARN_CONSTANT_CONVERSION = YES;
				CLANG_WARN_DEPRECATED_OBJC_IMPLEMENTATIONS = YES;
				CLANG_WARN_DIRECT_OBJC_ISA_USAGE = YES_ERROR;
				CLANG_WARN_DOCUMENTATION_COMMENTS = YES;
				CLANG_WARN_EMPTY_BODY = YES;
				CLANG_WARN_ENUM_CONVERSION = YES;
				CLANG_WARN_INFINITE_RECURSION = YES;
				CLANG_WARN_INT_CONVERSION = YES;
				CLANG_WARN_NON_LITERAL_NULL_CONVERSION = YES;
				CLANG_WARN_OBJC_IMPLICIT_RETAIN_SELF = YES;
				CLANG_WARN_OBJC_LITERAL_CONVERSION = YES;
				CLANG_WARN_OBJC_ROOT_CLASS = YES_ERROR;
				CLANG_WARN_QUOTED_INCLUDE_IN_FRAMEWORK_HEADER = YES;
				CLANG_WARN_RANGE_LOOP_ANALYSIS = YES;
				CLANG_WARN_STRICT_PROTOTYPES = YES;
				CLANG_WARN_SUSPICIOUS_MOVE = YES;
				CLANG_WARN_UNGUARDED_AVAILABILITY = YES_AGGRESSIVE;
				CLANG_WARN_UNREACHABLE_CODE = YES;
				CLANG_WARN__DUPLICATE_METHOD_MATCH = YES;
				COPY_PHASE_STRIP = NO;
				DEBUG_INFORMATION_FORMAT = "dwarf-with-dsym";
				ENABLE_NS_ASSERTIONS = NO;
				ENABLE_STRICT_OBJC_MSGSEND = YES;
				ENABLE_USER_SCRIPT_SANDBOXING = YES;
				GCC_C_LANGUAGE_STANDARD = gnu17;
				GCC_NO_COMMON_BLOCKS = YES;
				GCC_WARN_64_TO_32_BIT_CONVERSION = YES;
				GCC_WARN_ABOUT_RETURN_TYPE = YES_ERROR;
				GCC_WARN_UNDECLARED_SELECTOR = YES;
				GCC_WARN_UNINITIALIZED_AUTOS = YES_AGGRESSIVE;
				GCC_WARN_UNUSED_FUNCTION = YES;
				GCC_WARN_UNUSED_VARIABLE = YES;
				IPHONEOS_DEPLOYMENT_TARGET = 17.2;
				LOCALIZATION_PREFERS_STRING_CATALOGS = YES;
				MTL_ENABLE_DEBUG_INFO = NO;
				MTL_FAST_MATH = YES;
				SDKROOT = iphoneos;
				SWIFT_COMPILATION_MODE = wholemodule;
				VALIDATE_PRODUCT = YES;
			};
			name = Release;
		};
		3DB7D01E2DF4CAE6004131BD /* Debug */ = {
			isa = XCBuildConfiguration;
			buildSettings = {
				ASSETCATALOG_COMPILER_APPICON_NAME = AppIcon;
				ASSETCATALOG_COMPILER_GLOBAL_ACCENT_COLOR_NAME = AccentColor;
				CODE_SIGN_STYLE = Automatic;
				CURRENT_PROJECT_VERSION = 1;
				DEVELOPMENT_ASSET_PATHS = "\"MediaSUI/Preview Content\"";
				DEVELOPMENT_TEAM = E9KS5E39JS;
				ENABLE_PREVIEWS = YES;
				GENERATE_INFOPLIST_FILE = YES;
				INFOPLIST_KEY_UIApplicationSceneManifest_Generation = YES;
				INFOPLIST_KEY_UIApplicationSupportsIndirectInputEvents = YES;
				INFOPLIST_KEY_UILaunchScreen_Generation = YES;
				INFOPLIST_KEY_UISupportedInterfaceOrientations_iPad = "UIInterfaceOrientationPortrait UIInterfaceOrientationPortraitUpsideDown UIInterfaceOrientationLandscapeLeft UIInterfaceOrientationLandscapeRight";
				INFOPLIST_KEY_UISupportedInterfaceOrientations_iPhone = "UIInterfaceOrientationPortrait UIInterfaceOrientationLandscapeLeft UIInterfaceOrientationLandscapeRight";
				LD_RUNPATH_SEARCH_PATHS = (
					"$(inherited)",
					"@executable_path/Frameworks",
				);
				MARKETING_VERSION = 1.0;
				PRODUCT_BUNDLE_IDENTIFIER = com.janzelaznog.ddadm13.MediaSUI;
				PRODUCT_NAME = "$(TARGET_NAME)";
				SWIFT_EMIT_LOC_STRINGS = YES;
				SWIFT_VERSION = 5.0;
				TARGETED_DEVICE_FAMILY = "1,2";
			};
			name = Debug;
		};
		3DB7D01F2DF4CAE6004131BD /* Release */ = {
			isa = XCBuildConfiguration;
			buildSettings = {
				ASSETCATALOG_COMPILER_APPICON_NAME = AppIcon;
				ASSETCATALOG_COMPILER_GLOBAL_ACCENT_COLOR_NAME = AccentColor;
				CODE_SIGN_STYLE = Automatic;
				CURRENT_PROJECT_VERSION = 1;
				DEVELOPMENT_ASSET_PATHS = "\"MediaSUI/Preview Content\"";
				DEVELOPMENT_TEAM = E9KS5E39JS;
				ENABLE_PREVIEWS = YES;
				GENERATE_INFOPLIST_FILE = YES;
				INFOPLIST_KEY_UIApplicationSceneManifest_Generation = YES;
				INFOPLIST_KEY_UIApplicationSupportsIndirectInputEvents = YES;
				INFOPLIST_KEY_UILaunchScreen_Generation = YES;
				INFOPLIST_KEY_UISupportedInterfaceOrientations_iPad = "UIInterfaceOrientationPortrait UIInterfaceOrientationPortraitUpsideDown UIInterfaceOrientationLandscapeLeft UIInterfaceOrientationLandscapeRight";
				INFOPLIST_KEY_UISupportedInterfaceOrientations_iPhone = "UIInterfaceOrientationPortrait UIInterfaceOrientationLandscapeLeft UIInterfaceOrientationLandscapeRight";
				LD_RUNPATH_SEARCH_PATHS = (
					"$(inherited)",
					"@executable_path/Frameworks",
				);
				MARKETING_VERSION = 1.0;
				PRODUCT_BUNDLE_IDENTIFIER = com.janzelaznog.ddadm13.MediaSUI;
				PRODUCT_NAME = "$(TARGET_NAME)";
				SWIFT_EMIT_LOC_STRINGS = YES;
				SWIFT_VERSION = 5.0;
				TARGETED_DEVICE_FAMILY = "1,2";
			};
			name = Release;
		};
/* End XCBuildConfiguration section */

/* Begin XCConfigurationList section */
		3DB7D00A2DF4CAE3004131BD /* Build configuration list for PBXProject "MediaSUI" */ = {
			isa = XCConfigurationList;
			buildConfigurations = (
				3DB7D01B2DF4CAE6004131BD /* Debug */,
				3DB7D01C2DF4CAE6004131BD /* Release */,
			);
			defaultConfigurationIsVisible = 0;
			defaultConfigurationName = Release;
		};
		3DB7D01D2DF4CAE6004131BD /* Build configuration list for PBXNativeTarget "MediaSUI" */ = {
			isa = XCConfigurationList;
			buildConfigurations = (
				3DB7D01E2DF4CAE6004131BD /* Debug */,
				3DB7D01F2DF4CAE6004131BD /* Release */,
			);
			defaultConfigurationIsVisible = 0;
			defaultConfigurationName = Release;
		};
/* End XCConfigurationList section */

/* Begin XCRemoteSwiftPackageReference section */
		3DB7D02B2DF54DFB004131BD /* XCRemoteSwiftPackageReference "youtube-ios-player-helper" */ = {
			isa = XCRemoteSwiftPackageReference;
			repositoryURL = "https://github.com/youtube/youtube-ios-player-helper.git";
			requirement = {
				kind = upToNextMajorVersion;
				minimumVersion = 1.0.4;
			};
		};
/* End XCRemoteSwiftPackageReference section */

/* Begin XCSwiftPackageProductDependency section */
		3DB7D02C2DF54DFC004131BD /* YouTubeiOSPlayerHelper */ = {
			isa = XCSwiftPackageProductDependency;
			package = 3DB7D02B2DF54DFB004131BD /* XCRemoteSwiftPackageReference "youtube-ios-player-helper" */;
			productName = YouTubeiOSPlayerHelper;
		};
/* End XCSwiftPackageProductDependency section */
	};
	rootObject = 3DB7D0072DF4CAE3004131BD /* Project object */;
}
